{
  "name": "dashbrowser",
  "version": "2.0.0",
  "lockfileVersion": 3,
  "requires": true,
  "packages": {
    "": {
      "name": "dashbrowser",
      "version": "2.0.0",
      "license": "ISC",
      "dependencies": {
        "adm-zip": "^0.5.16",
        "cloakbrowser": "^0.5.10",
        "playwright-core": "^1.63.0",
        "ws": "^8.21.3"
      },
      "devDependencies": {
        "@tauri-apps/cli": "^2.0.0",
        "electron": "^41.0.0"
      }
    },
    "node_modules/@electron-internal/extract-zip": {
      "version": "1.0.5",
      "resolved": "https://registry.npmjs.org/@electron-internal/extract-zip/-/extract-zip-1.0.5.tgz",
      "integrity": "sha512-+bqFCP98pLI0Tt0XQo1TmlXtwjWchISndDOxCkEcIuUgXWpBnLyRI+2DU+mesvnMMX6L1XDqYNA0lXNDHd/yiA==",
      "dev": true,
      "license": "BSD-2-Clause",
      "engines": {
        "node": ">=22.12.0"
      }
    },
    "node_modules/@electron/get": {
      "version": "5.1.0",
      "resolved": "https://registry.npmjs.org/@electron/get/-/get-5.1.0.tgz",
      "integrity": "sha512-3kSBtG8ObcTVfXanm5vVJ6UnBLEVmVsRk1M+vGqCuMBV+XLCbJYuWQful+yIy0GQDsSlK0kHEriEHn7SPk4EnA==",
      "dev": true,
      "license": "MIT",
      "dependencies": {
        "debug": "^4.1.1",
        "env-paths": "^3.0.0",
        "graceful-fs": "^4.2.11",
        "progress": "^2.0.3",
        "semver": "^7.6.3",
        "sumchecker": "^3.0.1"
      },
      "engines": {
        "node": ">=22.12.0"
      },
      "optionalDependencies": {
        "undici": "^7.24.4"
      }
    },
    "node_modules/@isaacs/fs-minipass": {
      "version": "4.0.1",
      "resolved": "https://registry.npmjs.org/@isaacs/fs-minipass/-/fs-minipass-4.0.1.tgz",
      "integrity": "sha512-wgm9Ehl2jpeqP3zw/7mo3kRHFp5MEDhqAdwy1fTGkHAwnkGOVsgpvQhL8B5n1qlb01jV3n/bI0ZfZp5lWA1k4w==",
      "license": "ISC",
      "dependencies": {
        "minipass": "^7.0.4"
      },
      "engines": {
        "node": ">=18.0.0"
      }
    },
    "node_modules/@tauri-apps/cli": {
      "version": "2.12.1",
      "resolved": "https://registry.npmjs.org/@tauri-apps/cli/-/cli-2.12.1.tgz",
      "integrity": "sha512-kEDEiGzG+yAc5FeLxtXpES/VN+F2C8H0r4gDVtfRLKxT9np9101d9REG/Kgo2lr0hKi0IpDsODiHnU3+naOmLg==",
      "dev": true,
      "license": "Apache-2.0 OR MIT",
      "bin": {
        "tauri": "tauri.js"
      },
      "engines": {
        "node": ">= 10"
      },
      "funding": {
        "type": "opencollective",
        "url": "https://opencollective.com/tauri"
      },
      "optionalDependencies": {
        "@tauri-apps/cli-darwin-arm64": "2.12.1",
        "@tauri-apps/cli-darwin-x64": "2.12.1",
        "@tauri-apps/cli-linux-arm-gnueabihf": "2.12.1",
        "@tauri-apps/cli-linux-arm64-gnu": "2.12.1",
        "@tauri-apps/cli-linux-arm64-musl": "2.12.1",
        "@tauri-apps/cli-linux-riscv64-gnu": "2.12.1",
        "@tauri-apps/cli-linux-x64-gnu": "2.12.1",
        "@tauri-apps/cli-linux-x64-musl": "2.12.1",
        "@tauri-apps/cli-win32-arm64-msvc": "2.12.1",
        "@tauri-apps/cli-win32-ia32-msvc": "2.12.1",
        "@tauri-apps/cli-win32-x64-msvc": "2.12.1"
      }
    },
    "node_modules/@tauri-apps/cli-darwin-arm64": {
      "version": "2.12.1",
      "resolved": "https://registry.npmjs.org/@tauri-apps/cli-darwin-arm64/-/cli-darwin-arm64-2.12.1.tgz",
      "integrity": "sha512-8bMnbpJ2jKO/ufrOPL65EMHC3ptw7fzeraoQkwibyfGLqIl+UCWsC0152kmNbW6r9NvVQduXqAZF5mH1QgTWhw==",
      "cpu": [
        "arm64"
      ],
      "dev": true,
      "license": "Apache-2.0 OR MIT",
      "optional": true,
      "os": [
        "darwin"
      ],
      "engines": {
        "node": ">= 10"
      }
    },
    "node_modules/@tauri-apps/cli-darwin-x64": {
      "version": "2.12.1",
      "resolved": "https://registry.npmjs.org/@tauri-apps/cli-darwin-x64/-/cli-darwin-x64-2.12.1.tgz",
      "integrity": "sha512-G+2qte8GNqNlEZ9ftd21rbu/APVkl3r/nzNDI7LVxEoqJWVNe9GbEgQUMH1r4PHT20Z2UxR3KjCkltIb0e/Wjg==",
      "cpu": [
        "x64"
      ],
      "dev": true,
      "license": "Apache-2.0 OR MIT",
      "optional": true,
      "os": [
        "darwin"
      ],
      "engines": {
        "node": ">= 10"
      }
    },
    "node_modules/@tauri-apps/cli-linux-arm-gnueabihf": {
      "version": "2.12.1",
      "resolved": "https://registry.npmjs.org/@tauri-apps/cli-linux-arm-gnueabihf/-/cli-linux-arm-gnueabihf-2.12.1.tgz",
      "integrity": "sha512-5b3n4DaTW+A1Zntnh4Yn44VyLrlPEpB8kMOBRfWkzNnzolBk+AYhKIfKjCLmoC8Mob3ETodxAEOMkE2YPKEWzQ==",
      "cpu": [
        "arm"
      ],
      "dev": true,
      "license": "Apache-2.0 OR MIT",
      "optional": true,
      "os": [
        "linux"
      ],
      "engines": {
        "node": ">= 10"
      }
    },
    "node_modules/@tauri-apps/cli-linux-arm64-gnu": {
      "version": "2.12.1",
      "resolved": "https://registry.npmjs.org/@tauri-apps/cli-linux-arm64-gnu/-/cli-linux-arm64-gnu-2.12.1.tgz",
      "integrity": "sha512-APArHhDu+8pXSCkCQmvaz1nD3d8WTmlCoSS/oG475TJ6AATBvyQOAmf5qELgsQ4s2+8MOsop0Zd699RKELF1Cw==",
      "cpu": [
        "arm64"
      ],
      "dev": true,
      "libc": [
        "glibc"
      ],
      "license": "Apache-2.0 OR MIT",
      "optional": true,
      "os": [
        "linux"
      ],
      "engines": {
        "node": ">= 10"
      }
    },
    "node_modules/@tauri-apps/cli-linux-arm64-musl": {
      "version": "2.12.1",
      "resolved": "https://registry.npmjs.org/@tauri-apps/cli-linux-arm64-musl/-/cli-linux-arm64-musl-2.12.1.tgz",
      "integrity": "sha512-JaCxcLoV0oGtllVkLr4UAHWG/wTfkEunnUqnsEsGYOp0VRxnUwHg63wFBD0jU2ul5eFfSLIDS4RF2gfzsSo5Jg==",
      "cpu": [
        "arm64"
      ],
      "dev": true,
      "libc": [
        "musl"
      ],
      "license": "Apache-2.0 OR MIT",
      "optional": true,
      "os": [
        "linux"
      ],
      "engines": {
        "node": ">= 10"
      }
    },
    "node_modules/@tauri-apps/cli-linux-riscv64-gnu": {
      "version": "2.12.1",
      "resolved": "https://registry.npmjs.org/@tauri-apps/cli-linux-riscv64-gnu/-/cli-linux-riscv64-gnu-2.12.1.tgz",
      "integrity": "sha512-K5+VXM7+SGVDwZleA2+lMgvbTVuA5e1tkiVEawu1Yxj26ZyEfO8h8xTC1rBdRX2xgJDSwCk6vPUBCS6i+Z5slQ==",
      "cpu": [
        "riscv64"
      ],
      "dev": true,
      "libc": [
        "glibc"
      ],
      "license": "Apache-2.0 OR MIT",
      "optional": true,
      "os": [
        "linux"
      ],
      "engines": {
        "node": ">= 10"
      }
    },
    "node_modules/@tauri-apps/cli-linux-x64-gnu": {
      "version": "2.12.1",
      "resolved": "https://registry.npmjs.org/@tauri-apps/cli-linux-x64-gnu/-/cli-linux-x64-gnu-2.12.1.tgz",
      "integrity": "sha512-Z1QGPr49HJZMktu+Spu6Q1b/f9ANadXvqZZZt2645ua1x1ev6prOgp85eiGv2jRzohFEMLo6aJyaLjLUX5KIvA==",
      "cpu": [
        "x64"
      ],
      "dev": true,
      "libc": [
        "glibc"
      ],
      "license": "Apache-2.0 OR MIT",
      "optional": true,
      "os": [
        "linux"
      ],
      "engines": {
        "node": ">= 10"
      }
    },
    "node_modules/@tauri-apps/cli-linux-x64-musl": {
      "version": "2.12.1",
      "resolved": "https://registry.npmjs.org/@tauri-apps/cli-linux-x64-musl/-/cli-linux-x64-musl-2.12.1.tgz",
      "integrity": "sha512-nHuEhRPOMSJ/8RRhtMRxB9B9lVr7xxpe4DapBz8x1GIau3vdzjHHJ1hAfmw+PyayPLZ6XoaVIHPgI17rX6ii8w==",
      "cpu": [
        "x64"
      ],
      "dev": true,
      "libc": [
        "musl"
      ],
      "license": "Apache-2.0 OR MIT",
      "optional": true,
      "os": [
        "linux"
      ],
      "engines": {
        "node": ">= 10"
      }
    },
    "node_modules/@tauri-apps/cli-win32-arm64-msvc": {
      "version": "2.12.1",
      "resolved": "https://registry.npmjs.org/@tauri-apps/cli-win32-arm64-msvc/-/cli-win32-arm64-msvc-2.12.1.tgz",
      "integrity": "sha512-I0oPk2uGh86R8dAs2X5OxSP+/GqSc8jh1Px3l8EqrocSNivsRHDTh2k3PVOqdv163dlV6PIVvmhZAbH/lPfZrA==",
      "cpu": [
        "arm64"
      ],
      "dev": true,
      "license": "Apache-2.0 OR MIT",
      "optional": true,
      "os": [
        "win32"
      ],
      "engines": {
        "node": ">= 10"
      }
    },
    "node_modules/@tauri-apps/cli-win32-ia32-msvc": {
      "version": "2.12.1",
      "resolved": "https://registry.npmjs.org/@tauri-apps/cli-win32-ia32-msvc/-/cli-win32-ia32-msvc-2.12.1.tgz",
      "integrity": "sha512-baNZRBfepAJ5qNFRMwzgBk94xQmkcmTZrNDjZjnzrq2vAaTC3NAhallb/zo3hyoCGQlMS13sdovktrg46NZz6Q==",
      "cpu": [
        "ia32"
      ],
      "dev": true,
      "license": "Apache-2.0 OR MIT",
      "optional": true,
      "os": [
        "win32"
      ],
      "engines": {
        "node": ">= 10"
      }
    },
    "node_modules/@tauri-apps/cli-win32-x64-msvc": {
      "version": "2.12.1",
      "resolved": "https://registry.npmjs.org/@tauri-apps/cli-win32-x64-msvc/-/cli-win32-x64-msvc-2.12.1.tgz",
      "integrity": "sha512-dIFaKslrzcbesb+bBh+E1R9km241pHyj32w6D9FPtvQeYpRUFbiCLEa/2S+S0UnIytfxepp4P+X8IerGqnXeYg==",
      "cpu": [
        "x64"
      ],
      "dev": true,
      "license": "Apache-2.0 OR MIT",
      "optional": true,
      "os": [
        "win32"
      ],
      "engines": {
        "node": ">= 10"
      }
    },
    "node_modules/@types/node": {
      "version": "24.13.3",
      "resolved": "https://registry.npmjs.org/@types/node/-/node-24.13.3.tgz",
      "integrity": "sha512-Dh8vAsV36ig5wa9OX4pXvMc9D3Veibfw2wix0CUwYODLD8nkj9UsLjASr49nPg+2eKzxhBV+v7L8pXvT4e639Q==",
      "dev": true,
      "license": "MIT",
      "dependencies": {
        "undici-types": "~7.18.0"
      }
    },
    "node_modules/adm-zip": {
      "version": "0.5.18",
      "resolved": "https://registry.npmjs.org/adm-zip/-/adm-zip-0.5.18.tgz",
      "integrity": "sha512-ufJnssQGbxzLNS1Ho9bCtX4rQKCCvoVuDLHoJyc3F9dOGDB4BkWs2Ci0kv53lqocAEQ/Cbi+I2XCsNYGqVYqng==",
      "license": "MIT",
      "engines": {
        "node": ">=12.0"
      }
    },
    "node_modules/chownr": {
      "version": "3.0.0",
      "resolved": "https://registry.npmjs.org/chownr/-/chownr-3.0.0.tgz",
      "integrity": "sha512-+IxzY9BZOQd/XuYPRmrvEVjF/nqj5kgT4kEq7VofrDoM1MxoRjEWkrCC3EtLi59TVawxTAn+orJwFQcrqEN1+g==",
      "license": "BlueOak-1.0.0",
      "engines": {
        "node": ">=18"
      }
    },
    "node_modules/cloakbrowser": {
      "version": "0.5.10",
      "resolved": "https://registry.npmjs.org/cloakbrowser/-/cloakbrowser-0.5.10.tgz",
      "integrity": "sha512-Pzfi8WRAuXCk2GUKIpRZrLtQ/EaXfQ2t+N39fVGxxQfowRpyZB7qbsv0dYtmd+wuV/GK2aO1EBCcCV35TFVo2A==",
      "license": "MIT",
      "dependencies": {
        "tar": "^7.0.0"
      },
      "bin": {
        "cloakbrowser": "dist/cli.js"
      },
      "engines": {
        "node": ">=20.0.0"
      },
      "peerDependencies": {
        "mmdb-lib": ">=2.0.0",
        "playwright-core": ">=1.53.0",
        "puppeteer-core": ">=21.0.0",
        "socks-proxy-agent": ">=10.0.0"
      },
      "peerDependenciesMeta": {
        "mmdb-lib": {
          "optional": true
        },
        "playwright-core": {
          "optional": true
        },
        "puppeteer-core": {
          "optional": true
        },
        "socks-proxy-agent": {
          "optional": true
        }
      }
    },
    "node_modules/debug": {
      "version": "4.4.3",
      "resolved": "https://registry.npmjs.org/debug/-/debug-4.4.3.tgz",
      "integrity": "sha512-RGwwWnwQvkVfavKVt22FGLw+xYSdzARwm0ru6DhTVA3umU5hZc28V3kO4stgYryrTlLpuvgI9GiijltAjNbcqA==",
      "dev": true,
      "license": "MIT",
      "dependencies": {
        "ms": "^2.1.3"
      },
      "engines": {
        "node": ">=6.0"
      },
      "peerDependenciesMeta": {
        "supports-color": {
          "optional": true
        }
      }
    },
    "node_modules/electron": {
      "version": "41.10.7",
      "resolved": "https://registry.npmjs.org/electron/-/electron-41.10.7.tgz",
      "integrity": "sha512-AqIiefddlf5i+HYCGatr8VlBuEbWJpad4/yloBFYcMB2r57j7xhW1ogiJ+BfA5kxQyfmSs5yjwy54Me+wJn1jw==",
      "dev": true,
      "hasInstallScript": true,
      "license": "MIT",
      "dependencies": {
        "@electron-internal/extract-zip": "^1.0.1",
        "@electron/get": "^5.0.0",
        "@types/node": "^24.9.0"
      },
      "bin": {
        "electron": "cli.js"
      },
      "engines": {
        "node": ">= 22.12.0"
      }
    },
    "node_modules/env-paths": {
      "version": "3.0.0",
      "resolved": "https://registry.npmjs.org/env-paths/-/env-paths-3.0.0.tgz",
      "integrity": "sha512-dtJUTepzMW3Lm/NPxRf3wP4642UWhjL2sQxc+ym2YMj1m/H2zDNQOlezafzkHwn6sMstjHTwG6iQQsctDW/b1A==",
      "dev": true,
      "license": "MIT",
      "engines": {
        "node": "^12.20.0 || ^14.13.1 || >=16.0.0"
      },
      "funding": {
        "url": "https://github.com/sponsors/sindresorhus"
      }
    },
    "node_modules/graceful-fs": {
      "version": "4.2.11",
      "resolved": "https://registry.npmjs.org/graceful-fs/-/graceful-fs-4.2.11.tgz",
      "integrity": "sha512-RbJ5/jmFcNNCcDV5o9eTnBLJ/HszWV0P73bc+Ff4nS/rJj+YaS6IGyiOL0VoBYX+l1Wrl3k63h/KrH+nhJ0XvQ==",
      "dev": true,
      "license": "ISC"
    },
    "node_modules/minipass": {
      "version": "7.1.3",
      "resolved": "https://registry.npmjs.org/minipass/-/minipass-7.1.3.tgz",
      "integrity": "sha512-tEBHqDnIoM/1rXME1zgka9g6Q2lcoCkxHLuc7ODJ5BxbP5d4c2Z5cGgtXAku59200Cx7diuHTOYfSBD8n6mm8A==",
      "license": "BlueOak-1.0.0",
      "engines": {
        "node": ">=16 || 14 >=14.17"
      }
    },
    "node_modules/minizlib": {
      "version": "3.1.0",
      "resolved": "https://registry.npmjs.org/minizlib/-/minizlib-3.1.0.tgz",
      "integrity": "sha512-KZxYo1BUkWD2TVFLr0MQoM8vUUigWD3LlD83a/75BqC+4qE0Hb1Vo5v1FgcfaNXvfXzr+5EhQ6ing/CaBijTlw==",
      "license": "MIT",
      "dependencies": {
        "minipass": "^7.1.2"
      },
      "engines": {
        "node": ">= 18"
      }
    },
    "node_modules/ms": {
      "version": "2.1.3",
      "resolved": "https://registry.npmjs.org/ms/-/ms-2.1.3.tgz",
      "integrity": "sha512-6FlzubTLZG3J2a/NVCAleEhjzq5oxgHyaCU9yYXvcLsvoVaHJq/s5xXI6/XXP6tz7R9xAOtHnSO/tXtF3WRTlA==",
      "dev": true,
      "license": "MIT"
    },
    "node_modules/playwright-core": {
      "version": "1.63.0",
      "resolved": "https://registry.npmjs.org/playwright-core/-/playwright-core-1.63.0.tgz",
      "integrity": "sha512-rYCsBF/M5HjUch52bbtVONEFjv6Xu8sm8h72dNlR5bzIE1fvC/bxgspzkjSfU+MweEMmPM8KJebG6nnyxo5mCg==",
      "license": "Apache-2.0",
      "bin": {
        "playwright-core": "cli.js"
      },
      "engines": {
        "node": ">=20"
      }
    },
    "node_modules/progress": {
      "version": "2.0.3",
      "resolved": "https://registry.npmjs.org/progress/-/progress-2.0.3.tgz",
      "integrity": "sha512-7PiHtLll5LdnKIMw100I+8xJXR5gW2QwWYkT6iJva0bXitZKa/XMrSbdmg3r2Xnaidz9Qumd0VPaMrZlF9V9sA==",
      "dev": true,
      "license": "MIT",
      "engines": {
        "node": ">=0.4.0"
      }
    },
    "node_modules/semver": {
      "version": "7.8.5",
      "resolved": "https://registry.npmjs.org/semver/-/semver-7.8.5.tgz",
      "integrity": "sha512-Y7/KDsb8LjooZpwaqGyulO6DQlksgCncchHGk+sZIY4SBvUocMBEFH5Ur1fI4dV+Jvl0w6cjvucaIi40puRioA==",
      "dev": true,
      "license": "ISC",
      "bin": {
        "semver": "bin/semver.js"
      },
      "engines": {
        "node": ">=10"
      }
    },
    "node_modules/sumchecker": {
      "version": "3.0.1",
      "resolved": "https://registry.npmjs.org/sumchecker/-/sumchecker-3.0.1.tgz",
      "integrity": "sha512-MvjXzkz/BOfyVDkG0oFOtBxHX2u3gKbMHIF/dXblZsgD3BWOFLmHovIpZY7BykJdAjcqRCBi1WYBNdEC9yI7vg==",
      "dev": true,
      "license": "Apache-2.0",
      "dependencies": {
        "debug": "^4.1.0"
      },
      "engines": {
        "node": ">= 8.0"
      }
    },
    "node_modules/tar": {
      "version": "7.5.22",
      "resolved": "https://registry.npmjs.org/tar/-/tar-7.5.22.tgz",
      "integrity": "sha512-MFO/QzvtAOmJbkhOaCTvbGcFN9L9b+JunIsDwaKljSOdcLMea3NJ1k9Usz/rjdfSXTq4dfzfeS7W4p4YOAAHeA==",
      "license": "BlueOak-1.0.0",
      "dependencies": {
        "@isaacs/fs-minipass": "^4.0.0",
        "chownr": "^3.0.0",
        "minipass": "^7.1.2",
        "minizlib": "^3.1.0",
        "yallist": "^5.0.0"
      },
      "engines": {
        "node": ">=18"
      }
    },
    "node_modules/undici": {
      "version": "7.29.1",
      "resolved": "https://registry.npmjs.org/undici/-/undici-7.29.1.tgz",
      "integrity": "sha512-RYONW2MeafgYlkVOKYKkA/Ag7BmXqgIWCa8t1m0JcxrQg9pI9lEqRhAOruOBCbAohOa/gkCF+iPi9hrgvTzu6Q==",
      "dev": true,
      "license": "MIT",
      "optional": true,
      "engines": {
        "node": ">=20.18.1"
      }
    },
    "node_modules/undici-types": {
      "version": "7.18.2",
      "resolved": "https://registry.npmjs.org/undici-types/-/undici-types-7.18.2.tgz",
      "integrity": "sha512-AsuCzffGHJybSaRrmr5eHr81mwJU3kjw6M+uprWvCXiNeN9SOGwQ3Jn8jb8m3Z6izVgknn1R0FTCEAP2QrLY/w==",
      "dev": true,
      "license": "MIT"
    },
    "node_modules/ws": {
      "version": "8.21.3",
      "resolved": "https://registry.npmjs.org/ws/-/ws-8.21.3.tgz",
      "integrity": "sha512-201TZ/kPWxoPr/OKWjquZR1SWKXcvxdH+e1xrx89b3YbmzLMFCLfnaG1HFIgWzJOEWZ7MvpK++odZufgYR50Rw==",
      "license": "MIT",
      "engines": {
        "node": ">=10.0.0"
      },
      "peerDependencies": {
        "bufferutil": "^4.0.1",
        "utf-8-validate": ">=5.0.2"
      },
      "peerDependenciesMeta": {
        "bufferutil": {
          "optional": true
        },
        "utf-8-validate": {
          "optional": true
        }
      }
    },
    "node_modules/yallist": {
      "version": "5.0.0",
      "resolved": "https://registry.npmjs.org/yallist/-/yallist-5.0.0.tgz",
      "integrity": "sha512-YgvUTfwqyc7UXVMrB+SImsVYSmTS8X/tSrtdNZMImM+n7+QTriRXyXim0mBrTXNeqzVF0KWGgHPeiyViFFrNDw==",
      "license": "BlueOak-1.0.0",
      "engines": {
        "node": ">=18"
      }
    }
  }
}
